// !$*UTF8*$!
{
	archiveVersion = 1;
	classes = {
	};
	objectVersion = 46;
	objects = {

/* Begin PBXBuildFile section */
		00C00B5E6D7FBC6A96E68713 /* Pods_BobaBeacon.framework in Frameworks */ = {isa = PBXBuildFile; fileRef = BBD3F1E27D56F25A4333FF0D /* Pods_BobaBeacon.framework */; };
		A66C3BB41F20047C00648917 /* GoogleService-Info.plist in Resources */ = {isa = PBXBuildFile; fileRef = A66C3BB31F20047C00648917 /* GoogleService-Info.plist */; };
		A66C3BB71F21155400648917 /* Login.storyboard in Resources */ = {isa = PBXBuildFile; fileRef = A66C3BB61F21155400648917 /* Login.storyboard */; };
		A66C3BBA1F21158A00648917 /* LoginViewController.swift in Sources */ = {isa = PBXBuildFile; fileRef = A66C3BB91F21158A00648917 /* LoginViewController.swift */; };
		A66C3BBC1F21159A00648917 /* CreateUsernameViewController.swift in Sources */ = {isa = PBXBuildFile; fileRef = A66C3BBB1F21159A00648917 /* CreateUsernameViewController.swift */; };
		A66C3BC21F2115FE00648917 /* User.swift in Sources */ = {isa = PBXBuildFile; fileRef = A66C3BC11F2115FE00648917 /* User.swift */; };
		A66C3BC41F21163000648917 /* UserService.swift in Sources */ = {isa = PBXBuildFile; fileRef = A66C3BC31F21163000648917 /* UserService.swift */; };
		A66C3BC61F211D1300648917 /* Constants.swift in Sources */ = {isa = PBXBuildFile; fileRef = A66C3BC51F211D1300648917 /* Constants.swift */; };
		A66C3BC81F211D3900648917 /* Storyboard+Utility.swift in Sources */ = {isa = PBXBuildFile; fileRef = A66C3BC71F211D3900648917 /* Storyboard+Utility.swift */; };
		A66C3BCB1F21219300648917 /* PostViewController.swift in Sources */ = {isa = PBXBuildFile; fileRef = A66C3BCA1F21219300648917 /* PostViewController.swift */; };
		A66C3BCD1F2121A600648917 /* ProfileViewController.swift in Sources */ = {isa = PBXBuildFile; fileRef = A66C3BCC1F2121A600648917 /* ProfileViewController.swift */; };
		A66C3BCF1F21222800648917 /* FeedViewController.swift in Sources */ = {isa = PBXBuildFile; fileRef = A66C3BCE1F21222800648917 /* FeedViewController.swift */; };
		A66C3BD41F21239100648917 /* Search.storyboard in Resources */ = {isa = PBXBuildFile; fileRef = A66C3BD31F21239100648917 /* Search.storyboard */; };
		A66C3BD91F2123C000648917 /* Profile.storyboard in Resources */ = {isa = PBXBuildFile; fileRef = A66C3BD81F2123C000648917 /* Profile.storyboard */; };
		AE117E5C1F3A152600F9CF9B /* SearchPlaceViewController.swift in Sources */ = {isa = PBXBuildFile; fileRef = AE117E5B1F3A152600F9CF9B /* SearchPlaceViewController.swift */; };
		AE117E5E1F3A3C0000F9CF9B /* Gif.swift in Sources */ = {isa = PBXBuildFile; fileRef = AE117E5D1F3A3C0000F9CF9B /* Gif.swift */; };
		AE1401F51F34FCF700A32EAA /* PlaceViewController.swift in Sources */ = {isa = PBXBuildFile; fileRef = AE1401F41F34FCF700A32EAA /* PlaceViewController.swift */; };
		AE3F256D1F34D7CE00D57106 /* FaveViewController.swift in Sources */ = {isa = PBXBuildFile; fileRef = AE3F256C1F34D7CE00D57106 /* FaveViewController.swift */; };
		AE3F25711F34E03A00D57106 /* CollectionViewImageCell.swift in Sources */ = {isa = PBXBuildFile; fileRef = AE3F25701F34E03A00D57106 /* CollectionViewImageCell.swift */; };
		C00271791F2FE978002DD25D /* MapViewController.swift in Sources */ = {isa = PBXBuildFile; fileRef = C00271781F2FE978002DD25D /* MapViewController.swift */; };
		C002717B1F30F2F1002DD25D /* LikeService.swift in Sources */ = {isa = PBXBuildFile; fileRef = C002717A1F30F2F1002DD25D /* LikeService.swift */; };
		C0513A111F290912000737A5 /* FloatRatingView.swift in Sources */ = {isa = PBXBuildFile; fileRef = C0513A101F290912000737A5 /* FloatRatingView.swift */; };
		C0513A1F1F2A4D8F000737A5 /* PostHeaderCell.swift in Sources */ = {isa = PBXBuildFile; fileRef = C0513A1E1F2A4D8F000737A5 /* PostHeaderCell.swift */; };
		C0513A211F2A4D9A000737A5 /* PostActionCell.swift in Sources */ = {isa = PBXBuildFile; fileRef = C0513A201F2A4D9A000737A5 /* PostActionCell.swift */; };
		C0513A231F2A4DA5000737A5 /* PostItemCell.swift in Sources */ = {isa = PBXBuildFile; fileRef = C0513A221F2A4DA5000737A5 /* PostItemCell.swift */; };
		C0513A251F2A5C2C000737A5 /* Feed.storyboard in Resources */ = {isa = PBXBuildFile; fileRef = C0513A241F2A5C2C000737A5 /* Feed.storyboard */; };
		C0513A271F2A5C56000737A5 /* Main.storyboard in Resources */ = {isa = PBXBuildFile; fileRef = C0513A261F2A5C56000737A5 /* Main.storyboard */; };
		C0513A291F2A5C60000737A5 /* LaunchScreen.storyboard in Resources */ = {isa = PBXBuildFile; fileRef = C0513A281F2A5C60000737A5 /* LaunchScreen.storyboard */; };
		C092EE851F2F9988002A403E /* Flavors.storyboard in Resources */ = {isa = PBXBuildFile; fileRef = C092EE841F2F9988002A403E /* Flavors.storyboard */; };
		C092EE871F2F9AA1002A403E /* PostThumbImageCell.swift in Sources */ = {isa = PBXBuildFile; fileRef = C092EE861F2F9AA1002A403E /* PostThumbImageCell.swift */; };
		C0A674741F1FDA7F0029985C /* AppDelegate.swift in Sources */ = {isa = PBXBuildFile; fileRef = C0A674731F1FDA7F0029985C /* AppDelegate.swift */; };
		C0A6747C1F1FDA7F0029985C /* BobaBeacon.xcdatamodeld in Sources */ = {isa = PBXBuildFile; fileRef = C0A6747A1F1FDA7F0029985C /* BobaBeacon.xcdatamodeld */; };
		C0A6747E1F1FDA7F0029985C /* Assets.xcassets in Resources */ = {isa = PBXBuildFile; fileRef = C0A6747D1F1FDA7F0029985C /* Assets.xcassets */; };
		C0CD7D711F2A966F00B53472 /* LocationViewController.swift in Sources */ = {isa = PBXBuildFile; fileRef = C0CD7D701F2A966F00B53472 /* LocationViewController.swift */; };
		C0CD7D751F2A96AF00B53472 /* Review.storyboard in Resources */ = {isa = PBXBuildFile; fileRef = C0CD7D741F2A96AF00B53472 /* Review.storyboard */; };
		C0CD7D771F2A96CA00B53472 /* ReviewViewController.swift in Sources */ = {isa = PBXBuildFile; fileRef = C0CD7D761F2A96CA00B53472 /* ReviewViewController.swift */; };
		C0CD7D791F2A974500B53472 /* FlavorsViewController.swift in Sources */ = {isa = PBXBuildFile; fileRef = C0CD7D781F2A974500B53472 /* FlavorsViewController.swift */; };
		C0CD7D7B1F2A975A00B53472 /* StoresViewController.swift in Sources */ = {isa = PBXBuildFile; fileRef = C0CD7D7A1F2A975A00B53472 /* StoresViewController.swift */; };
		C0CD7D7D1F2A978C00B53472 /* RecommendationViewController.swift in Sources */ = {isa = PBXBuildFile; fileRef = C0CD7D7C1F2A978C00B53472 /* RecommendationViewController.swift */; };
		C0CD7D7F1F2A979D00B53472 /* Recommendation.storyboard in Resources */ = {isa = PBXBuildFile; fileRef = C0CD7D7E1F2A979D00B53472 /* Recommendation.storyboard */; };
		C0CD7D861F2AA5E900B53472 /* UIImage+Size.swift in Sources */ = {isa = PBXBuildFile; fileRef = C0CD7D851F2AA5E900B53472 /* UIImage+Size.swift */; };
		C0CD7D881F2AA70600B53472 /* StorageService.swift in Sources */ = {isa = PBXBuildFile; fileRef = C0CD7D871F2AA70600B53472 /* StorageService.swift */; };
		C0CD7D8A1F2AA76000B53472 /* PostService.swift in Sources */ = {isa = PBXBuildFile; fileRef = C0CD7D891F2AA76000B53472 /* PostService.swift */; };
		C0CD7D8C1F2AAC0600B53472 /* Post.swift in Sources */ = {isa = PBXBuildFile; fileRef = C0CD7D8B1F2AAC0600B53472 /* Post.swift */; };
		C0CD7D901F2AB4C800B53472 /* StorageReference.swift in Sources */ = {isa = PBXBuildFile; fileRef = C0CD7D8F1F2AB4C800B53472 /* StorageReference.swift */; };
		C0E8CFEB1F26B04500475585 /* MainTabBarController.swift in Sources */ = {isa = PBXBuildFile; fileRef = C0E8CFEA1F26B04500475585 /* MainTabBarController.swift */; };
		C0E8CFF31F26B1DC00475585 /* Add.storyboard in Resources */ = {isa = PBXBuildFile; fileRef = C0E8CFF21F26B1DC00475585 /* Add.storyboard */; };
/* End PBXBuildFile section */

/* Begin PBXFileReference section */
		A66C3BB31F20047C00648917 /* GoogleService-Info.plist */ = {isa = PBXFileReference; fileEncoding = 4; lastKnownFileType = text.plist.xml; path = "GoogleService-Info.plist"; sourceTree = "<group>"; };
		A66C3BB61F21155400648917 /* Login.storyboard */ = {isa = PBXFileReference; fileEncoding = 4; lastKnownFileType = file.storyboard; path = Login.storyboard; sourceTree = "<group>"; };
		A66C3BB91F21158A00648917 /* LoginViewController.swift */ = {isa = PBXFileReference; fileEncoding = 4; lastKnownFileType = sourcecode.swift; path = LoginViewController.swift; sourceTree = "<group>"; };
		A66C3BBB1F21159A00648917 /* CreateUsernameViewController.swift */ = {isa = PBXFileReference; fileEncoding = 4; lastKnownFileType = sourcecode.swift; path = CreateUsernameViewController.swift; sourceTree = "<group>"; };
		A66C3BC11F2115FE00648917 /* User.swift */ = {isa = PBXFileReference; fileEncoding = 4; lastKnownFileType = sourcecode.swift; path = User.swift; sourceTree = "<group>"; };
		A66C3BC31F21163000648917 /* UserService.swift */ = {isa = PBXFileReference; fileEncoding = 4; lastKnownFileType = sourcecode.swift; path = UserService.swift; sourceTree = "<group>"; };
		A66C3BC51F211D1300648917 /* Constants.swift */ = {isa = PBXFileReference; fileEncoding = 4; lastKnownFileType = sourcecode.swift; path = Constants.swift; sourceTree = "<group>"; };
		A66C3BC71F211D3900648917 /* Storyboard+Utility.swift */ = {isa = PBXFileReference; fileEncoding = 4; lastKnownFileType = sourcecode.swift; path = "Storyboard+Utility.swift"; sourceTree = "<group>"; };
		A66C3BCA1F21219300648917 /* PostViewController.swift */ = {isa = PBXFileReference; fileEncoding = 4; lastKnownFileType = sourcecode.swift; path = PostViewController.swift; sourceTree = "<group>"; };
		A66C3BCC1F2121A600648917 /* ProfileViewController.swift */ = {isa = PBXFileReference; fileEncoding = 4; lastKnownFileType = sourcecode.swift; path = ProfileViewController.swift; sourceTree = "<group>"; };
		A66C3BCE1F21222800648917 /* FeedViewController.swift */ = {isa = PBXFileReference; fileEncoding = 4; lastKnownFileType = sourcecode.swift; path = FeedViewController.swift; sourceTree = "<group>"; };
		A66C3BD31F21239100648917 /* Search.storyboard */ = {isa = PBXFileReference; fileEncoding = 4; lastKnownFileType = file.storyboard; path = Search.storyboard; sourceTree = "<group>"; };
		A66C3BD81F2123C000648917 /* Profile.storyboard */ = {isa = PBXFileReference; fileEncoding = 4; lastKnownFileType = file.storyboard; path = Profile.storyboard; sourceTree = "<group>"; };
		AE117E5B1F3A152600F9CF9B /* SearchPlaceViewController.swift */ = {isa = PBXFileReference; fileEncoding = 4; lastKnownFileType = sourcecode.swift; path = SearchPlaceViewController.swift; sourceTree = "<group>"; };
		AE117E5D1F3A3C0000F9CF9B /* Gif.swift */ = {isa = PBXFileReference; fileEncoding = 4; lastKnownFileType = sourcecode.swift; name = Gif.swift; path = ../../../Downloads/Gif.swift; sourceTree = "<group>"; };
		AE1401F41F34FCF700A32EAA /* PlaceViewController.swift */ = {isa = PBXFileReference; fileEncoding = 4; lastKnownFileType = sourcecode.swift; path = PlaceViewController.swift; sourceTree = "<group>"; };
		AE3F256C1F34D7CE00D57106 /* FaveViewController.swift */ = {isa = PBXFileReference; fileEncoding = 4; lastKnownFileType = sourcecode.swift; path = FaveViewController.swift; sourceTree = "<group>"; };
		AE3F25701F34E03A00D57106 /* CollectionViewImageCell.swift */ = {isa = PBXFileReference; fileEncoding = 4; lastKnownFileType = sourcecode.swift; path = CollectionViewImageCell.swift; sourceTree = "<group>"; };
		BBD3F1E27D56F25A4333FF0D /* Pods_BobaBeacon.framework */ = {isa = PBXFileReference; explicitFileType = wrapper.framework; includeInIndex = 0; path = Pods_BobaBeacon.framework; sourceTree = BUILT_PRODUCTS_DIR; };
		C00271781F2FE978002DD25D /* MapViewController.swift */ = {isa = PBXFileReference; fileEncoding = 4; lastKnownFileType = sourcecode.swift; path = MapViewController.swift; sourceTree = "<group>"; };
		C002717A1F30F2F1002DD25D /* LikeService.swift */ = {isa = PBXFileReference; fileEncoding = 4; lastKnownFileType = sourcecode.swift; path = LikeService.swift; sourceTree = "<group>"; };
		C0513A101F290912000737A5 /* FloatRatingView.swift */ = {isa = PBXFileReference; fileEncoding = 4; lastKnownFileType = sourcecode.swift; path = FloatRatingView.swift; sourceTree = "<group>"; };
		C0513A1E1F2A4D8F000737A5 /* PostHeaderCell.swift */ = {isa = PBXFileReference; fileEncoding = 4; lastKnownFileType = sourcecode.swift; path = PostHeaderCell.swift; sourceTree = "<group>"; };
		C0513A201F2A4D9A000737A5 /* PostActionCell.swift */ = {isa = PBXFileReference; fileEncoding = 4; lastKnownFileType = sourcecode.swift; path = PostActionCell.swift; sourceTree = "<group>"; };
		C0513A221F2A4DA5000737A5 /* PostItemCell.swift */ = {isa = PBXFileReference; fileEncoding = 4; lastKnownFileType = sourcecode.swift; path = PostItemCell.swift; sourceTree = "<group>"; };
		C0513A241F2A5C2C000737A5 /* Feed.storyboard */ = {isa = PBXFileReference; fileEncoding = 4; lastKnownFileType = file.storyboard; path = Feed.storyboard; sourceTree = "<group>"; };
		C0513A261F2A5C56000737A5 /* Main.storyboard */ = {isa = PBXFileReference; fileEncoding = 4; lastKnownFileType = file.storyboard; path = Main.storyboard; sourceTree = "<group>"; };
		C0513A281F2A5C60000737A5 /* LaunchScreen.storyboard */ = {isa = PBXFileReference; fileEncoding = 4; lastKnownFileType = file.storyboard; path = LaunchScreen.storyboard; sourceTree = "<group>"; };
		C092EE841F2F9988002A403E /* Flavors.storyboard */ = {isa = PBXFileReference; fileEncoding = 4; lastKnownFileType = file.storyboard; path = Flavors.storyboard; sourceTree = "<group>"; };
		C092EE861F2F9AA1002A403E /* PostThumbImageCell.swift */ = {isa = PBXFileReference; fileEncoding = 4; lastKnownFileType = sourcecode.swift; path = PostThumbImageCell.swift; sourceTree = "<group>"; };
		C0A674701F1FDA7F0029985C /* BobaBeacon.app */ = {isa = PBXFileReference; explicitFileType = wrapper.application; includeInIndex = 0; path = BobaBeacon.app; sourceTree = BUILT_PRODUCTS_DIR; };
		C0A674731F1FDA7F0029985C /* AppDelegate.swift */ = {isa = PBXFileReference; lastKnownFileType = sourcecode.swift; path = AppDelegate.swift; sourceTree = "<group>"; };
		C0A6747B1F1FDA7F0029985C /* BobaBeacon.xcdatamodel */ = {isa = PBXFileReference; lastKnownFileType = wrapper.xcdatamodel; path = BobaBeacon.xcdatamodel; sourceTree = "<group>"; };
		C0A6747D1F1FDA7F0029985C /* Assets.xcassets */ = {isa = PBXFileReference; lastKnownFileType = folder.assetcatalog; path = Assets.xcassets; sourceTree = "<group>"; };
		C0A674821F1FDA7F0029985C /* Info.plist */ = {isa = PBXFileReference; lastKnownFileType = text.plist.xml; path = Info.plist; sourceTree = "<group>"; };
		C0CD7D701F2A966F00B53472 /* LocationViewController.swift */ = {isa = PBXFileReference; fileEncoding = 4; lastKnownFileType = sourcecode.swift; path = LocationViewController.swift; sourceTree = "<group>"; };
		C0CD7D741F2A96AF00B53472 /* Review.storyboard */ = {isa = PBXFileReference; fileEncoding = 4; lastKnownFileType = file.storyboard; path = Review.storyboard; sourceTree = "<group>"; };
		C0CD7D761F2A96CA00B53472 /* ReviewViewController.swift */ = {isa = PBXFileReference; fileEncoding = 4; lastKnownFileType = sourcecode.swift; path = ReviewViewController.swift; sourceTree = "<group>"; };
		C0CD7D781F2A974500B53472 /* FlavorsViewController.swift */ = {isa = PBXFileReference; fileEncoding = 4; lastKnownFileType = sourcecode.swift; path = FlavorsViewController.swift; sourceTree = "<group>"; };
		C0CD7D7A1F2A975A00B53472 /* StoresViewController.swift */ = {isa = PBXFileReference; fileEncoding = 4; lastKnownFileType = sourcecode.swift; path = StoresViewController.swift; sourceTree = "<group>"; };
		C0CD7D7C1F2A978C00B53472 /* RecommendationViewController.swift */ = {isa = PBXFileReference; fileEncoding = 4; lastKnownFileType = sourcecode.swift; path = RecommendationViewController.swift; sourceTree = "<group>"; };
		C0CD7D7E1F2A979D00B53472 /* Recommendation.storyboard */ = {isa = PBXFileReference; fileEncoding = 4; lastKnownFileType = file.storyboard; path = Recommendation.storyboard; sourceTree = "<group>"; };
		C0CD7D851F2AA5E900B53472 /* UIImage+Size.swift */ = {isa = PBXFileReference; fileEncoding = 4; lastKnownFileType = sourcecode.swift; path = "UIImage+Size.swift"; sourceTree = "<group>"; };
		C0CD7D871F2AA70600B53472 /* StorageService.swift */ = {isa = PBXFileReference; fileEncoding = 4; lastKnownFileType = sourcecode.swift; path = StorageService.swift; sourceTree = "<group>"; };
		C0CD7D891F2AA76000B53472 /* PostService.swift */ = {isa = PBXFileReference; fileEncoding = 4; lastKnownFileType = sourcecode.swift; path = PostService.swift; sourceTree = "<group>"; };
		C0CD7D8B1F2AAC0600B53472 /* Post.swift */ = {isa = PBXFileReference; fileEncoding = 4; lastKnownFileType = sourcecode.swift; path = Post.swift; sourceTree = "<group>"; };
		C0CD7D8F1F2AB4C800B53472 /* StorageReference.swift */ = {isa = PBXFileReference; fileEncoding = 4; lastKnownFileType = sourcecode.swift; path = StorageReference.swift; sourceTree = "<group>"; };
		C0E8CFEA1F26B04500475585 /* MainTabBarController.swift */ = {isa = PBXFileReference; fileEncoding = 4; lastKnownFileType = sourcecode.swift; path = MainTabBarController.swift; sourceTree = "<group>"; };
		C0E8CFF21F26B1DC00475585 /* Add.storyboard */ = {isa = PBXFileReference; fileEncoding = 4; lastKnownFileType = file.storyboard; path = Add.storyboard; sourceTree = "<group>"; };
		C7135521FCB12812F68DE740 /* Pods-BobaBeacon.release.xcconfig */ = {isa = PBXFileReference; includeInIndex = 1; lastKnownFileType = text.xcconfig; name = "Pods-BobaBeacon.release.xcconfig"; path = "Pods/Target Support Files/Pods-BobaBeacon/Pods-BobaBeacon.release.xcconfig"; sourceTree = "<group>"; };
		EC577DCFF6224C3320C9A63E /* Pods-BobaBeacon.debug.xcconfig */ = {isa = PBXFileReference; includeInIndex = 1; lastKnownFileType = text.xcconfig; name = "Pods-BobaBeacon.debug.xcconfig"; path = "Pods/Target Support Files/Pods-BobaBeacon/Pods-BobaBeacon.debug.xcconfig"; sourceTree = "<group>"; };
/* End PBXFileReference section */

/* Begin PBXFrameworksBuildPhase section */
		C0A6746D1F1FDA7F0029985C /* Frameworks */ = {
			isa = PBXFrameworksBuildPhase;
			buildActionMask = 2147483647;
			files = (
				00C00B5E6D7FBC6A96E68713 /* Pods_BobaBeacon.framework in Frameworks */,
			);
			runOnlyForDeploymentPostprocessing = 0;
		};
/* End PBXFrameworksBuildPhase section */

/* Begin PBXGroup section */
		0B13EBCC38DEECEA73967A3E /* Frameworks */ = {
			isa = PBXGroup;
			children = (
				BBD3F1E27D56F25A4333FF0D /* Pods_BobaBeacon.framework */,
			);
			name = Frameworks;
			sourceTree = "<group>";
		};
		A19C8740518A43A0C1A2A1E9 /* Pods */ = {
			isa = PBXGroup;
			children = (
				EC577DCFF6224C3320C9A63E /* Pods-BobaBeacon.debug.xcconfig */,
				C7135521FCB12812F68DE740 /* Pods-BobaBeacon.release.xcconfig */,
			);
			name = Pods;
			sourceTree = "<group>";
		};
		A66C3BB81F21156000648917 /* Storyboards */ = {
			isa = PBXGroup;
			children = (
				C0513A261F2A5C56000737A5 /* Main.storyboard */,
				C0513A281F2A5C60000737A5 /* LaunchScreen.storyboard */,
				C0513A241F2A5C2C000737A5 /* Feed.storyboard */,
				C0CD7D741F2A96AF00B53472 /* Review.storyboard */,
				C0CD7D7E1F2A979D00B53472 /* Recommendation.storyboard */,
				C092EE841F2F9988002A403E /* Flavors.storyboard */,
				A66C3BD81F2123C000648917 /* Profile.storyboard */,
				C0E8CFF21F26B1DC00475585 /* Add.storyboard */,
				A66C3BD31F21239100648917 /* Search.storyboard */,
				A66C3BB61F21155400648917 /* Login.storyboard */,
			);
			name = Storyboards;
			sourceTree = "<group>";
		};
		A66C3BBD1F2115A500648917 /* View Controllers */ = {
			isa = PBXGroup;
			children = (
				C0E8CFEA1F26B04500475585 /* MainTabBarController.swift */,
				A66C3BB91F21158A00648917 /* LoginViewController.swift */,
				C0CD7D761F2A96CA00B53472 /* ReviewViewController.swift */,
				C0CD7D781F2A974500B53472 /* FlavorsViewController.swift */,
				C0CD7D7C1F2A978C00B53472 /* RecommendationViewController.swift */,
				C00271781F2FE978002DD25D /* MapViewController.swift */,
				C0CD7D701F2A966F00B53472 /* LocationViewController.swift */,
				C0CD7D7A1F2A975A00B53472 /* StoresViewController.swift */,
				A66C3BBB1F21159A00648917 /* CreateUsernameViewController.swift */,
				A66C3BCA1F21219300648917 /* PostViewController.swift */,
				AE1401F41F34FCF700A32EAA /* PlaceViewController.swift */,
				AE117E5B1F3A152600F9CF9B /* SearchPlaceViewController.swift */,
				A66C3BCC1F2121A600648917 /* ProfileViewController.swift */,
				A66C3BCE1F21222800648917 /* FeedViewController.swift */,
				AE3F256C1F34D7CE00D57106 /* FaveViewController.swift */,
			);
			name = "View Controllers";
			sourceTree = "<group>";
		};
		A66C3BBE1F2115D300648917 /* Supporting Files */ = {
			isa = PBXGroup;
			children = (
				AE117E5D1F3A3C0000F9CF9B /* Gif.swift */,
				C0A674821F1FDA7F0029985C /* Info.plist */,
				A66C3BB31F20047C00648917 /* GoogleService-Info.plist */,
				A66C3BC51F211D1300648917 /* Constants.swift */,
			);
			name = "Supporting Files";
			sourceTree = "<group>";
		};
		A66C3BBF1F2115EF00648917 /* Services */ = {
			isa = PBXGroup;
			children = (
				A66C3BC31F21163000648917 /* UserService.swift */,
				C0CD7D871F2AA70600B53472 /* StorageService.swift */,
				C0CD7D891F2AA76000B53472 /* PostService.swift */,
				C002717A1F30F2F1002DD25D /* LikeService.swift */,
			);
			name = Services;
			sourceTree = "<group>";
		};
		A66C3BC01F2115F400648917 /* Models */ = {
			isa = PBXGroup;
			children = (
				A66C3BC11F2115FE00648917 /* User.swift */,
				C0513A101F290912000737A5 /* FloatRatingView.swift */,
				C0CD7D8B1F2AAC0600B53472 /* Post.swift */,
			);
			name = Models;
			sourceTree = "<group>";
		};
		A66C3BC91F211D3E00648917 /* Extensions */ = {
			isa = PBXGroup;
			children = (
				A66C3BC71F211D3900648917 /* Storyboard+Utility.swift */,
				C0CD7D851F2AA5E900B53472 /* UIImage+Size.swift */,
				C0CD7D8F1F2AB4C800B53472 /* StorageReference.swift */,
			);
			name = Extensions;
			sourceTree = "<group>";
		};
		C0A674671F1FDA7F0029985C = {
			isa = PBXGroup;
			children = (
				C0A674721F1FDA7F0029985C /* BobaBeacon */,
				C0A674711F1FDA7F0029985C /* Products */,
				A19C8740518A43A0C1A2A1E9 /* Pods */,
				0B13EBCC38DEECEA73967A3E /* Frameworks */,
			);
			sourceTree = "<group>";
		};
		C0A674711F1FDA7F0029985C /* Products */ = {
			isa = PBXGroup;
			children = (
				C0A674701F1FDA7F0029985C /* BobaBeacon.app */,
			);
			name = Products;
			sourceTree = "<group>";
		};
		C0A674721F1FDA7F0029985C /* BobaBeacon */ = {
			isa = PBXGroup;
			children = (
				C0A674731F1FDA7F0029985C /* AppDelegate.swift */,
				A66C3BC01F2115F400648917 /* Models */,
				A66C3BBF1F2115EF00648917 /* Services */,
				C0CD7D841F2AA56C00B53472 /* Views */,
				A66C3BBD1F2115A500648917 /* View Controllers */,
				A66C3BB81F21156000648917 /* Storyboards */,
				A66C3BBE1F2115D300648917 /* Supporting Files */,
				C0A6747D1F1FDA7F0029985C /* Assets.xcassets */,
				C0A6747A1F1FDA7F0029985C /* BobaBeacon.xcdatamodeld */,
				A66C3BC91F211D3E00648917 /* Extensions */,
			);
			path = BobaBeacon;
			sourceTree = "<group>";
		};
		C0CD7D841F2AA56C00B53472 /* Views */ = {
			isa = PBXGroup;
			children = (
				C0513A1E1F2A4D8F000737A5 /* PostHeaderCell.swift */,
				C0513A201F2A4D9A000737A5 /* PostActionCell.swift */,
				C0513A221F2A4DA5000737A5 /* PostItemCell.swift */,
				C092EE861F2F9AA1002A403E /* PostThumbImageCell.swift */,
				AE3F25701F34E03A00D57106 /* CollectionViewImageCell.swift */,
			);
			name = Views;
			sourceTree = "<group>";
		};
/* End PBXGroup section */

/* Begin PBXNativeTarget section */
		C0A6746F1F1FDA7F0029985C /* BobaBeacon */ = {
			isa = PBXNativeTarget;
			buildConfigurationList = C0A674851F1FDA7F0029985C /* Build configuration list for PBXNativeTarget "BobaBeacon" */;
			buildPhases = (
				38236217E7A4D424D39EFEAD /* [CP] Check Pods Manifest.lock */,
				C0A6746C1F1FDA7F0029985C /* Sources */,
				C0A6746D1F1FDA7F0029985C /* Frameworks */,
				C0A6746E1F1FDA7F0029985C /* Resources */,
				4C9200B39FD8F8EC94CFB088 /* [CP] Embed Pods Frameworks */,
				DC6F646311F5951E050C0E5C /* [CP] Copy Pods Resources */,
			);
			buildRules = (
			);
			dependencies = (
			);
			name = BobaBeacon;
			productName = BobaBeacon;
			productReference = C0A674701F1FDA7F0029985C /* BobaBeacon.app */;
			productType = "com.apple.product-type.application";
		};
/* End PBXNativeTarget section */

/* Begin PBXProject section */
		C0A674681F1FDA7F0029985C /* Project object */ = {
			isa = PBXProject;
			attributes = {
				LastSwiftUpdateCheck = 0830;
				LastUpgradeCheck = 0830;
				ORGANIZATIONNAME = "The Girl Code";
				TargetAttributes = {
					C0A6746F1F1FDA7F0029985C = {
						CreatedOnToolsVersion = 8.3.3;
						DevelopmentTeam = 44L7Q6TC3X;
						ProvisioningStyle = Automatic;
					};
				};
			};
			buildConfigurationList = C0A6746B1F1FDA7F0029985C /* Build configuration list for PBXProject "BobaBeacon" */;
			compatibilityVersion = "Xcode 3.2";
			developmentRegion = English;
			hasScannedForEncodings = 0;
			knownRegions = (
				en,
				Base,
			);
			mainGroup = C0A674671F1FDA7F0029985C;
			productRefGroup = C0A674711F1FDA7F0029985C /* Products */;
			projectDirPath = "";
			projectRoot = "";
			targets = (
				C0A6746F1F1FDA7F0029985C /* BobaBeacon */,
			);
		};
/* End PBXProject section */

/* Begin PBXResourcesBuildPhase section */
		C0A6746E1F1FDA7F0029985C /* Resources */ = {
			isa = PBXResourcesBuildPhase;
			buildActionMask = 2147483647;
			files = (
				A66C3BB41F20047C00648917 /* GoogleService-Info.plist in Resources */,
				C0513A251F2A5C2C000737A5 /* Feed.storyboard in Resources */,
				C0513A271F2A5C56000737A5 /* Main.storyboard in Resources */,
				C0E8CFF31F26B1DC00475585 /* Add.storyboard in Resources */,
				C0A6747E1F1FDA7F0029985C /* Assets.xcassets in Resources */,
				A66C3BD41F21239100648917 /* Search.storyboard in Resources */,
				C092EE851F2F9988002A403E /* Flavors.storyboard in Resources */,
				C0513A291F2A5C60000737A5 /* LaunchScreen.storyboard in Resources */,
				C0CD7D7F1F2A979D00B53472 /* Recommendation.storyboard in Resources */,
				A66C3BB71F21155400648917 /* Login.storyboard in Resources */,
				C0CD7D751F2A96AF00B53472 /* Review.storyboard in Resources */,
				A66C3BD91F2123C000648917 /* Profile.storyboard in Resources */,
			);
			runOnlyForDeploymentPostprocessing = 0;
		};
/* End PBXResourcesBuildPhase section */

/* Begin PBXShellScriptBuildPhase section */
		38236217E7A4D424D39EFEAD /* [CP] Check Pods Manifest.lock */ = {
			isa = PBXShellScriptBuildPhase;
			buildActionMask = 2147483647;
			files = (
			);
			inputPaths = (
			);
			name = "[CP] Check Pods Manifest.lock";
			outputPaths = (
			);
			runOnlyForDeploymentPostprocessing = 0;
			shellPath = /bin/sh;
			shellScript = "diff \"${PODS_PODFILE_DIR_PATH}/Podfile.lock\" \"${PODS_ROOT}/Manifest.lock\" > /dev/null\nif [ $? != 0 ] ; then\n    # print error to STDERR\n    echo \"error: The sandbox is not in sync with the Podfile.lock. Run 'pod install' or update your CocoaPods installation.\" >&2\n    exit 1\nfi\n";
			showEnvVarsInLog = 0;
		};
		4C9200B39FD8F8EC94CFB088 /* [CP] Embed Pods Frameworks */ = {
			isa = PBXShellScriptBuildPhase;
			buildActionMask = 2147483647;
			files = (
			);
			inputPaths = (
			);
			name = "[CP] Embed Pods Frameworks";
			outputPaths = (
			);
			runOnlyForDeploymentPostprocessing = 0;
			shellPath = /bin/sh;
			shellScript = "\"${SRCROOT}/Pods/Target Support Files/Pods-BobaBeacon/Pods-BobaBeacon-frameworks.sh\"\n";
			showEnvVarsInLog = 0;
		};
		DC6F646311F5951E050C0E5C /* [CP] Copy Pods Resources */ = {
			isa = PBXShellScriptBuildPhase;
			buildActionMask = 2147483647;
			files = (
			);
			inputPaths = (
			);
			name = "[CP] Copy Pods Resources";
			outputPaths = (
			);
			runOnlyForDeploymentPostprocessing = 0;
			shellPath = /bin/sh;
			shellScript = "\"${SRCROOT}/Pods/Target Support Files/Pods-BobaBeacon/Pods-BobaBeacon-resources.sh\"\n";
			showEnvVarsInLog = 0;
		};
/* End PBXShellScriptBuildPhase section */

/* Begin PBXSourcesBuildPhase section */
		C0A6746C1F1FDA7F0029985C /* Sources */ = {
			isa = PBXSourcesBuildPhase;
			buildActionMask = 2147483647;
			files = (
				C0CD7D8A1F2AA76000B53472 /* PostService.swift in Sources */,
				C0513A1F1F2A4D8F000737A5 /* PostHeaderCell.swift in Sources */,
				AE3F25711F34E03A00D57106 /* CollectionViewImageCell.swift in Sources */,
				AE3F256D1F34D7CE00D57106 /* FaveViewController.swift in Sources */,
				A66C3BC41F21163000648917 /* UserService.swift in Sources */,
				C0CD7D7B1F2A975A00B53472 /* StoresViewController.swift in Sources */,
				C0CD7D771F2A96CA00B53472 /* ReviewViewController.swift in Sources */,
				A66C3BBA1F21158A00648917 /* LoginViewController.swift in Sources */,
				C0CD7D7D1F2A978C00B53472 /* RecommendationViewController.swift in Sources */,
				C0CD7D791F2A974500B53472 /* FlavorsViewController.swift in Sources */,
				A66C3BC21F2115FE00648917 /* User.swift in Sources */,
				A66C3BCB1F21219300648917 /* PostViewController.swift in Sources */,
				C0A674741F1FDA7F0029985C /* AppDelegate.swift in Sources */,
				C0513A111F290912000737A5 /* FloatRatingView.swift in Sources */,
				C0513A231F2A4DA5000737A5 /* PostItemCell.swift in Sources */,
				C0CD7D881F2AA70600B53472 /* StorageService.swift in Sources */,
				A66C3BCD1F2121A600648917 /* ProfileViewController.swift in Sources */,
				C0E8CFEB1F26B04500475585 /* MainTabBarController.swift in Sources */,
				C0CD7D8C1F2AAC0600B53472 /* Post.swift in Sources */,
				A66C3BBC1F21159A00648917 /* CreateUsernameViewController.swift in Sources */,
				C002717B1F30F2F1002DD25D /* LikeService.swift in Sources */,
				A66C3BC81F211D3900648917 /* Storyboard+Utility.swift in Sources */,
				C0CD7D861F2AA5E900B53472 /* UIImage+Size.swift in Sources */,
				C0A6747C1F1FDA7F0029985C /* BobaBeacon.xcdatamodeld in Sources */,
				AE1401F51F34FCF700A32EAA /* PlaceViewController.swift in Sources */,
				C0CD7D901F2AB4C800B53472 /* StorageReference.swift in Sources */,
				AE117E5E1F3A3C0000F9CF9B /* Gif.swift in Sources */,
				C0CD7D711F2A966F00B53472 /* LocationViewController.swift in Sources */,
				C092EE871F2F9AA1002A403E /* PostThumbImageCell.swift in Sources */,
				C0513A211F2A4D9A000737A5 /* PostActionCell.swift in Sources */,
				A66C3BCF1F21222800648917 /* FeedViewController.swift in Sources */,
				A66C3BC61F211D1300648917 /* Constants.swift in Sources */,
				C00271791F2FE978002DD25D /* MapViewController.swift in Sources */,
				AE117E5C1F3A152600F9CF9B /* SearchPlaceViewController.swift in Sources */,
			);
			runOnlyForDeploymentPostprocessing = 0;
		};
/* End PBXSourcesBuildPhase section */

/* Begin XCBuildConfiguration section */
		C0A674831F1FDA7F0029985C /* Debug */ = {
			isa = XCBuildConfiguration;
			buildSettings = {
				ALWAYS_SEARCH_USER_PATHS = NO;
				CLANG_ANALYZER_NONNULL = YES;
				CLANG_ANALYZER_NUMBER_OBJECT_CONVERSION = YES_AGGRESSIVE;
				CLANG_CXX_LANGUAGE_STANDARD = "gnu++0x";
				CLANG_CXX_LIBRARY = "libc++";
				CLANG_ENABLE_MODULES = YES;
				CLANG_ENABLE_OBJC_ARC = YES;
				CLANG_WARN_BOOL_CONVERSION = YES;
				CLANG_WARN_CONSTANT_CONVERSION = YES;
				CLANG_WARN_DIRECT_OBJC_ISA_USAGE = YES_ERROR;
				CLANG_WARN_DOCUMENTATION_COMMENTS = YES;
				CLANG_WARN_EMPTY_BODY = YES;
				CLANG_WARN_ENUM_CONVERSION = YES;
				CLANG_WARN_INFINITE_RECURSION = YES;
				CLANG_WARN_INT_CONVERSION = YES;
				CLANG_WARN_OBJC_ROOT_CLASS = YES_ERROR;
				CLANG_WARN_SUSPICIOUS_MOVE = YES;
				CLANG_WARN_UNREACHABLE_CODE = YES;
				CLANG_WARN__DUPLICATE_METHOD_MATCH = YES;
				"CODE_SIGN_IDENTITY[sdk=iphoneos*]" = "iPhone Developer";
				COPY_PHASE_STRIP = NO;
				DEBUG_INFORMATION_FORMAT = dwarf;
				ENABLE_STRICT_OBJC_MSGSEND = YES;
				ENABLE_TESTABILITY = YES;
				GCC_C_LANGUAGE_STANDARD = gnu99;
				GCC_DYNAMIC_NO_PIC = NO;
				GCC_NO_COMMON_BLOCKS = YES;
				GCC_OPTIMIZATION_LEVEL = 0;
				GCC_PREPROCESSOR_DEFINITIONS = (
					"DEBUG=1",
					"$(inherited)",
				);
				GCC_WARN_64_TO_32_BIT_CONVERSION = YES;
				GCC_WARN_ABOUT_RETURN_TYPE = YES_ERROR;
				GCC_WARN_UNDECLARED_SELECTOR = YES;
				GCC_WARN_UNINITIALIZED_AUTOS = YES_AGGRESSIVE;
				GCC_WARN_UNUSED_FUNCTION = YES;
				GCC_WARN_UNUSED_VARIABLE = YES;
				IPHONEOS_DEPLOYMENT_TARGET = 10.3;
				MTL_ENABLE_DEBUG_INFO = YES;
				ONLY_ACTIVE_ARCH = YES;
				SDKROOT = iphoneos;
				SWIFT_ACTIVE_COMPILATION_CONDITIONS = DEBUG;
				SWIFT_OPTIMIZATION_LEVEL = "-Onone";
			};
			name = Debug;
		};
		C0A674841F1FDA7F0029985C /* Release */ = {
			isa = XCBuildConfiguration;
			buildSettings = {
				ALWAYS_SEARCH_USER_PATHS = NO;
				CLANG_ANALYZER_NONNULL = YES;
				CLANG_ANALYZER_NUMBER_OBJECT_CONVERSION = YES_AGGRESSIVE;
				CLANG_CXX_LANGUAGE_STANDARD = "gnu++0x";
				CLANG_CXX_LIBRARY = "libc++";
				CLANG_ENABLE_MODULES = YES;
				CLANG_ENABLE_OBJC_ARC = YES;
				CLANG_WARN_BOOL_CONVERSION = YES;
				CLANG_WARN_CONSTANT_CONVERSION = YES;
				CLANG_WARN_DIRECT_OBJC_ISA_USAGE = YES_ERROR;
				CLANG_WARN_DOCUMENTATION_COMMENTS = YES;
				CLANG_WARN_EMPTY_BODY = YES;
				CLANG_WARN_ENUM_CONVERSION = YES;
				CLANG_WARN_INFINITE_RECURSION = YES;
				CLANG_WARN_INT_CONVERSION = YES;
				CLANG_WARN_OBJC_ROOT_CLASS = YES_ERROR;
				CLANG_WARN_SUSPICIOUS_MOVE = YES;
				CLANG_WARN_UNREACHABLE_CODE = YES;
				CLANG_WARN__DUPLICATE_METHOD_MATCH = YES;
				"CODE_SIGN_IDENTITY[sdk=iphoneos*]" = "iPhone Developer";
				COPY_PHASE_STRIP = NO;
				DEBUG_INFORMATION_FORMAT = "dwarf-with-dsym";
				ENABLE_NS_ASSERTIONS = NO;
				ENABLE_STRICT_OBJC_MSGSEND = YES;
				GCC_C_LANGUAGE_STANDARD = gnu99;
				GCC_NO_COMMON_BLOCKS = YES;
				GCC_WARN_64_TO_32_BIT_CONVERSION = YES;
				GCC_WARN_ABOUT_RETURN_TYPE = YES_ERROR;
				GCC_WARN_UNDECLARED_SELECTOR = YES;
				GCC_WARN_UNINITIALIZED_AUTOS = YES_AGGRESSIVE;
				GCC_WARN_UNUSED_FUNCTION = YES;
				GCC_WARN_UNUSED_VARIABLE = YES;
				IPHONEOS_DEPLOYMENT_TARGET = 10.3;
				MTL_ENABLE_DEBUG_INFO = NO;
				SDKROOT = iphoneos;
				SWIFT_OPTIMIZATION_LEVEL = "-Owholemodule";
				VALIDATE_PRODUCT = YES;
			};
			name = Release;
		};
		C0A674861F1FDA7F0029985C /* Debug */ = {
			isa = XCBuildConfiguration;
			baseConfigurationReference = EC577DCFF6224C3320C9A63E /* Pods-BobaBeacon.debug.xcconfig */;
			buildSettings = {
				ASSETCATALOG_COMPILER_APPICON_NAME = AppIcon;
				DEVELOPMENT_TEAM = 44L7Q6TC3X;
				FRAMEWORK_SEARCH_PATHS = (
					"$(inherited)",
					"$(PROJECT_DIR)/Pods/GoogleMaps/Base/Frameworks",
				);
				INFOPLIST_FILE = BobaBeacon/Info.plist;
				IPHONEOS_DEPLOYMENT_TARGET = 10.2;
				LD_RUNPATH_SEARCH_PATHS = "$(inherited) @executable_path/Frameworks";
				PRODUCT_BUNDLE_IDENTIFIER = com.Kodo.BobaBeacon;
				PRODUCT_NAME = "$(TARGET_NAME)";
				SWIFT_VERSION = 3.0;
			};
			name = Debug;
		};
		C0A674871F1FDA7F0029985C /* Release */ = {
			isa = XCBuildConfiguration;
			baseConfigurationReference = C7135521FCB12812F68DE740 /* Pods-BobaBeacon.release.xcconfig */;
			buildSettings = {
				ASSETCATALOG_COMPILER_APPICON_NAME = AppIcon;
				DEVELOPMENT_TEAM = 44L7Q6TC3X;
				FRAMEWORK_SEARCH_PATHS = (
					"$(inherited)",
					"$(PROJECT_DIR)/Pods/GoogleMaps/Base/Frameworks",
				);
				INFOPLIST_FILE = BobaBeacon/Info.plist;
				IPHONEOS_DEPLOYMENT_TARGET = 10.2;
				LD_RUNPATH_SEARCH_PATHS = "$(inherited) @executable_path/Frameworks";
				PRODUCT_BUNDLE_IDENTIFIER = com.Kodo.BobaBeacon;
				PRODUCT_NAME = "$(TARGET_NAME)";
				SWIFT_VERSION = 3.0;
			};
			name = Release;
		};
/* End XCBuildConfiguration section */

/* Begin XCConfigurationList section */
		C0A6746B1F1FDA7F0029985C /* Build configuration list for PBXProject "BobaBeacon" */ = {
			isa = XCConfigurationList;
			buildConfigurations = (
				C0A674831F1FDA7F0029985C /* Debug */,
				C0A674841F1FDA7F0029985C /* Release */,
			);
			defaultConfigurationIsVisible = 0;
			defaultConfigurationName = Release;
		};
		C0A674851F1FDA7F0029985C /* Build configuration list for PBXNativeTarget "BobaBeacon" */ = {
			isa = XCConfigurationList;
			buildConfigurations = (
				C0A674861F1FDA7F0029985C /* Debug */,
				C0A674871F1FDA7F0029985C /* Release */,
			);
			defaultConfigurationIsVisible = 0;
			defaultConfigurationName = Release;
		};
/* End XCConfigurationList section */

/* Begin XCVersionGroup section */
		C0A6747A1F1FDA7F0029985C /* BobaBeacon.xcdatamodeld */ = {
			isa = XCVersionGroup;
			children = (
				C0A6747B1F1FDA7F0029985C /* BobaBeacon.xcdatamodel */,
			);
			currentVersion = C0A6747B1F1FDA7F0029985C /* BobaBeacon.xcdatamodel */;
			path = BobaBeacon.xcdatamodeld;
			sourceTree = "<group>";
			versionGroupType = wrapper.xcdatamodel;
		};
/* End XCVersionGroup section */
	};
	rootObject = C0A674681F1FDA7F0029985C /* Project object */;
}
